// !$*UTF8*$!
{
	archiveVersion = 1;
	classes = {
	};
	objectVersion = 77;
	objects = {

/* Begin PBXContainerItemProxy section */
		295EEF652D64F0F000D953C0 /* PBXContainerItemProxy */ = {
			isa = PBXContainerItemProxy;
			containerPortal = 295EEF462D64F0EE00D953C0 /* Project object */;
			proxyType = 1;
			remoteGlobalIDString = 295EEF4D2D64F0EE00D953C0;
			remoteInfo = HealthKitTestApp;
		};
		295EEF6F2D64F0F000D953C0 /* PBXContainerItemProxy */ = {
			isa = PBXContainerItemProxy;
			containerPortal = 295EEF462D64F0EE00D953C0 /* Project object */;
			proxyType = 1;
			remoteGlobalIDString = 295EEF4D2D64F0EE00D953C0;
			remoteInfo = HealthKitTestApp;
		};
/* End PBXContainerItemProxy section */

/* Begin PBXFileReference section */
		295EEF4E2D64F0EE00D953C0 /* HealthKitTestApp.app */ = {isa = PBXFileReference; explicitFileType = wrapper.application; includeInIndex = 0; path = HealthKitTestApp.app; sourceTree = BUILT_PRODUCTS_DIR; };
		295EEF642D64F0F000D953C0 /* HealthKitTestAppTests.xctest */ = {isa = PBXFileReference; explicitFileType = wrapper.cfbundle; includeInIndex = 0; path = HealthKitTestAppTests.xctest; sourceTree = BUILT_PRODUCTS_DIR; };
		295EEF6E2D64F0F000D953C0 /* HealthKitTestAppUITests.xctest */ = {isa = PBXFileReference; explicitFileType = wrapper.cfbundle; includeInIndex = 0; path = HealthKitTestAppUITests.xctest; sourceTree = BUILT_PRODUCTS_DIR; };
/* End PBXFileReference section */

/* Begin PBXFileSystemSynchronizedBuildFileExceptionSet section */
		295EEF762D64F0F000D953C0 /* Exceptions for "HealthKitTestApp" folder in "HealthKitTestApp" target */ = {
			isa = PBXFileSystemSynchronizedBuildFileExceptionSet;
			membershipExceptions = (
				Info.plist,
			);
			target = 295EEF4D2D64F0EE00D953C0 /* HealthKitTestApp */;
		};
/* End PBXFileSystemSynchronizedBuildFileExceptionSet section */

/* Begin PBXFileSystemSynchronizedRootGroup section */
		295EEF502D64F0EE00D953C0 /* HealthKitTestApp */ = {
			isa = PBXFileSystemSynchronizedRootGroup;
			exceptions = (
				295EEF762D64F0F000D953C0 /* Exceptions for "HealthKitTestApp" folder in "HealthKitTestApp" target */,
			);
			path = HealthKitTestApp;
			sourceTree = "<group>";
		};
		295EEF672D64F0F000D953C0 /* HealthKitTestAppTests */ = {
			isa = PBXFileSystemSynchronizedRootGroup;
			path = HealthKitTestAppTests;
			sourceTree = "<group>";
		};
		295EEF712D64F0F000D953C0 /* HealthKitTestAppUITests */ = {
			isa = PBXFileSystemSynchronizedRootGroup;
			path = HealthKitTestAppUITests;
			sourceTree = "<group>";
		};
/* End PBXFileSystemSynchronizedRootGroup section */

/* Begin PBXFrameworksBuildPhase section */
		295EEF4B2D64F0EE00D953C0 /* Frameworks */ = {
			isa = PBXFrameworksBuildPhase;
			buildActionMask = 2147483647;
			files = (
			);
			runOnlyForDeploymentPostprocessing = 0;
		};
		295EEF612D64F0F000D953C0 /* Frameworks */ = {
			isa = PBXFrameworksBuildPhase;
			buildActionMask = 2147483647;
			files = (
			);
			runOnlyForDeploymentPostprocessing = 0;
		};
		295EEF6B2D64F0F000D953C0 /* Frameworks */ = {
			isa = PBXFrameworksBuildPhase;
			buildActionMask = 2147483647;
			files = (
			);
			runOnlyForDeploymentPostprocessing = 0;
		};
/* End PBXFrameworksBuildPhase section */

/* Begin PBXGroup section */
		295EEF452D64F0EE00D953C0 = {
			isa = PBXGroup;
			children = (
				295EEF502D64F0EE00D953C0 /* HealthKitTestApp */,
				295EEF672D64F0F000D953C0 /* HealthKitTestAppTests */,
				295EEF712D64F0F000D953C0 /* HealthKitTestAppUITests */,
				295EEF4F2D64F0EE00D953C0 /* Products */,
			);
			sourceTree = "<group>";
		};
		295EEF4F2D64F0EE00D953C0 /* Products */ = {
			isa = PBXGroup;
			children = (
				295EEF4E2D64F0EE00D953C0 /* HealthKitTestApp.app */,
				295EEF642D64F0F000D953C0 /* HealthKitTestAppTests.xctest */,
				295EEF6E2D64F0F000D953C0 /* HealthKitTestAppUITests.xctest */,
			);
			name = Products;
			sourceTree = "<group>";
		};
/* End PBXGroup section */

/* Begin PBXNativeTarget section */
		295EEF4D2D64F0EE00D953C0 /* HealthKitTestApp */ = {
			isa = PBXNativeTarget;
			buildConfigurationList = 295EEF772D64F0F000D953C0 /* Build configuration list for PBXNativeTarget "HealthKitTestApp" */;
			buildPhases = (
				295EEF4A2D64F0EE00D953C0 /* Sources */,
				295EEF4B2D64F0EE00D953C0 /* Frameworks */,
				295EEF4C2D64F0EE00D953C0 /* Resources */,
			);
			buildRules = (
			);
			dependencies = (
			);
			fileSystemSynchronizedGroups = (
				295EEF502D64F0EE00D953C0 /* HealthKitTestApp */,
			);
			name = HealthKitTestApp;
			packageProductDependencies = (
			);
			productName = HealthKitTestApp;
			productReference = 295EEF4E2D64F0EE00D953C0 /* HealthKitTestApp.app */;
			productType = "com.apple.product-type.application";
		};
		295EEF632D64F0F000D953C0 /* HealthKitTestAppTests */ = {
			isa = PBXNativeTarget;
			buildConfigurationList = 295EEF7C2D64F0F000D953C0 /* Build configuration list for PBXNativeTarget "HealthKitTestAppTests" */;
			buildPhases = (
				295EEF602D64F0F000D953C0 /* Sources */,
				295EEF612D64F0F000D953C0 /* Frameworks */,
				295EEF622D64F0F000D953C0 /* Resources */,
			);
			buildRules = (
			);
			dependencies = (
				295EEF662D64F0F000D953C0 /* PBXTargetDependency */,
			);
			fileSystemSynchronizedGroups = (
				295EEF672D64F0F000D953C0 /* HealthKitTestAppTests */,
			);
			name = HealthKitTestAppTests;
			packageProductDependencies = (
			);
			productName = HealthKitTestAppTests;
			productReference = 295EEF642D64F0F000D953C0 /* HealthKitTestAppTests.xctest */;
			productType = "com.apple.product-type.bundle.unit-test";
		};
		295EEF6D2D64F0F000D953C0 /* HealthKitTestAppUITests */ = {
			isa = PBXNativeTarget;
			buildConfigurationList = 295EEF7F2D64F0F000D953C0 /* Build configuration list for PBXNativeTarget "HealthKitTestAppUITests" */;
			buildPhases = (
				295EEF6A2D64F0F000D953C0 /* Sources */,
				295EEF6B2D64F0F000D953C0 /* Frameworks */,
				295EEF6C2D64F0F000D953C0 /* Resources */,
			);
			buildRules = (
			);
			dependencies = (
				295EEF702D64F0F000D953C0 /* PBXTargetDependency */,
			);
			fileSystemSynchronizedGroups = (
				295EEF712D64F0F000D953C0 /* HealthKitTestAppUITests */,
			);
			name = HealthKitTestAppUITests;
			packageProductDependencies = (
			);
			productName = HealthKitTestAppUITests;
			productReference = 295EEF6E2D64F0F000D953C0 /* HealthKitTestAppUITests.xctest */;
			productType = "com.apple.product-type.bundle.ui-testing";
		};
/* End PBXNativeTarget section */

/* Begin PBXProject section */
		295EEF462D64F0EE00D953C0 /* Project object */ = {
			isa = PBXProject;
			attributes = {
				BuildIndependentTargetsInParallel = 1;
				LastSwiftUpdateCheck = 1620;
				LastUpgradeCheck = 1620;
				TargetAttributes = {
					295EEF4D2D64F0EE00D953C0 = {
						CreatedOnToolsVersion = 16.2;
					};
					295EEF632D64F0F000D953C0 = {
						CreatedOnToolsVersion = 16.2;
						TestTargetID = 295EEF4D2D64F0EE00D953C0;
					};
					295EEF6D2D64F0F000D953C0 = {
						CreatedOnToolsVersion = 16.2;
						TestTargetID = 295EEF4D2D64F0EE00D953C0;
					};
				};
			};
			buildConfigurationList = 295EEF492D64F0EE00D953C0 /* Build configuration list for PBXProject "HealthKitTestApp" */;
			developmentRegion = en;
			hasScannedForEncodings = 0;
			knownRegions = (
				en,
				Base,
			);
			mainGroup = 295EEF452D64F0EE00D953C0;
			minimizedProjectReferenceProxies = 1;
			preferredProjectObjectVersion = 77;
			productRefGroup = 295EEF4F2D64F0EE00D953C0 /* Products */;
			projectDirPath = "";
			projectRoot = "";
			targets = (
				295EEF4D2D64F0EE00D953C0 /* HealthKitTestApp */,
				295EEF632D64F0F000D953C0 /* HealthKitTestAppTests */,
				295EEF6D2D64F0F000D953C0 /* HealthKitTestAppUITests */,
			);
		};
/* End PBXProject section */

/* Begin PBXResourcesBuildPhase section */
		295EEF4C2D64F0EE00D953C0 /* Resources */ = {
			isa = PBXResourcesBuildPhase;
			buildActionMask = 2147483647;
			files = (
			);
			runOnlyForDeploymentPostprocessing = 0;
		};
		295EEF622D64F0F000D953C0 /* Resources */ = {
			isa = PBXResourcesBuildPhase;
			buildActionMask = 2147483647;
			files = (
			);
			runOnlyForDeploymentPostprocessing = 0;
		};
		295EEF6C2D64F0F000D953C0 /* Resources */ = {
			isa = PBXResourcesBuildPhase;
			buildActionMask = 2147483647;
			files = (
			);
			runOnlyForDeploymentPostprocessing = 0;
		};
/* End PBXResourcesBuildPhase section */

/* Begin PBXSourcesBuildPhase section */
		295EEF4A2D64F0EE00D953C0 /* Sources */ = {
			isa = PBXSourcesBuildPhase;
			buildActionMask = 2147483647;
			files = (
			);
			runOnlyForDeploymentPostprocessing = 0;
		};
		295EEF602D64F0F000D953C0 /* Sources */ = {
			isa = PBXSourcesBuildPhase;
			buildActionMask = 2147483647;
			files = (
			);
			runOnlyForDeploymentPostprocessing = 0;
		};
		295EEF6A2D64F0F000D953C0 /* Sources */ = {
			isa = PBXSourcesBuildPhase;
			buildActionMask = 2147483647;
			files = (
			);
			runOnlyForDeploymentPostprocessing = 0;
		};
/* End PBXSourcesBuildPhase section */

/* Begin PBXTargetDependency section */
		295EEF662D64F0F000D953C0 /* PBXTargetDependency */ = {
			isa = PBXTargetDependency;
			target = 295EEF4D2D64F0EE00D953C0 /* HealthKitTestApp */;
			targetProxy = 295EEF652D64F0F000D953C0 /* PBXContainerItemProxy */;
		};
		295EEF702D64F0F000D953C0 /* PBXTargetDependency */ = {
			isa = PBXTargetDependency;
			target = 295EEF4D2D64F0EE00D953C0 /* HealthKitTestApp */;
			targetProxy = 295EEF6F2D64F0F000D953C0 /* PBXContainerItemProxy */;
		};
/* End PBXTargetDependency section */

/* Begin XCBuildConfiguration section */
		295EEF782D64F0F000D953C0 /* Debug */ = {
			isa = XCBuildConfiguration;
			buildSettings = {
				ASSETCATALOG_COMPILER_APPICON_NAME = AppIcon;
				ASSETCATALOG_COMPILER_GLOBAL_ACCENT_COLOR_NAME = AccentColor;
				CODE_SIGN_ENTITLEMENTS = HealthKitTestApp/HealthKitTestApp.entitlements;
				CODE_SIGN_STYLE = Automatic;
				CURRENT_PROJECT_VERSION = 1;
				GENERATE_INFOPLIST_FILE = YES;
				INFOPLIST_FILE = HealthKitTestApp/Info.plist;
				INFOPLIST_KEY_UIApplicationSupportsIndirectInputEvents = YES;
				INFOPLIST_KEY_UILaunchStoryboardName = LaunchScreen;
				INFOPLIST_KEY_UIMainStoryboardFile = Main;
				INFOPLIST_KEY_UISupportedInterfaceOrientations_iPad = "UIInterfaceOrientationPortrait UIInterfaceOrientationPortraitUpsideDown UIInterfaceOrientationLandscapeLeft UIInterfaceOrientationLandscapeRight";
				INFOPLIST_KEY_UISupportedInterfaceOrientations_iPhone = "UIInterfaceOrientationPortrait UIInterfaceOrientationLandscapeLeft UIInterfaceOrientationLandscapeRight";
				LD_RUNPATH_SEARCH_PATHS = (
					"$(inherited)",
					"@executable_path/Frameworks",
				);
				MARKETING_VERSION = 1.0;
				PRODUCT_BUNDLE_IDENTIFIER = team8.HealthKitTestApp;
				PRODUCT_NAME = "$(TARGET_NAME)";
				SWIFT_EMIT_LOC_STRINGS = YES;
				SWIFT_VERSION = 5.0;
				TARGETED_DEVICE_FAMILY = "1,2";
			};
			name = Debug;
		};
		295EEF792D64F0F000D953C0 /* Release */ = {
			isa = XCBuildConfiguration;
			buildSettings = {
				ASSETCATALOG_COMPILER_APPICON_NAME = AppIcon;
				ASSETCATALOG_COMPILER_GLOBAL_ACCENT_COLOR_NAME = AccentColor;
				CODE_SIGN_ENTITLEMENTS = HealthKitTestApp/HealthKitTestApp.entitlements;
				CODE_SIGN_STYLE = Automatic;
				CURRENT_PROJECT_VERSION = 1;
				GENERATE_INFOPLIST_FILE = YES;
				INFOPLIST_FILE = HealthKitTestApp/Info.plist;
				INFOPLIST_KEY_UIApplicationSupportsIndirectInputEvents = YES;
				INFOPLIST_KEY_UILaunchStoryboardName = LaunchScreen;
				INFOPLIST_KEY_UIMainStoryboardFile = Main;
				INFOPLIST_KEY_UISupportedInterfaceOrientations_iPad = "UIInterfaceOrientationPortrait UIInterfaceOrientationPortraitUpsideDown UIInterfaceOrientationLandscapeLeft UIInterfaceOrientationLandscapeRight";
				INFOPLIST_KEY_UISupportedInterfaceOrientations_iPhone = "UIInterfaceOrientationPortrait UIInterfaceOrientationLandscapeLeft UIInterfaceOrientationLandscapeRight";
				LD_RUNPATH_SEARCH_PATHS = (
					"$(inherited)",
					"@executable_path/Frameworks",
				);
				MARKETING_VERSION = 1.0;
				PRODUCT_BUNDLE_IDENTIFIER = team8.HealthKitTestApp;
				PRODUCT_NAME = "$(TARGET_NAME)";
				SWIFT_EMIT_LOC_STRINGS = YES;
				SWIFT_VERSION = 5.0;
				TARGETED_DEVICE_FAMILY = "1,2";
			};
			name = Release;
		};
		295EEF7A2D64F0F000D953C0 /* Debug */ = {
			isa = XCBuildConfiguration;
			buildSettings = {
				ALWAYS_SEARCH_USER_PATHS = NO;
				ASSETCATALOG_COMPILER_GENERATE_SWIFT_ASSET_SYMBOL_EXTENSIONS = YES;
				CLANG_ANALYZER_NONNULL = YES;
				CLANG_ANALYZER_NUMBER_OBJECT_CONVERSION = YES_AGGRESSIVE;
				CLANG_CXX_LANGUAGE_STANDARD = "gnu++20";
				CLANG_ENABLE_MODULES = YES;
				CLANG_ENABLE_OBJC_ARC = YES;
				CLANG_ENABLE_OBJC_WEAK = YES;
				CLANG_WARN_BLOCK_CAPTURE_AUTORELEASING = YES;
				CLANG_WARN_BOOL_CONVERSION = YES;
				CLANG_WARN_COMMA = YES;
				CLANG_WARN_CONSTANT_CONVERSION = YES;
				CLANG_WARN_DEPRECATED_OBJC_IMPLEMENTATIONS = YES;
				CLANG_WARN_DIRECT_OBJC_ISA_USAGE = YES_ERROR;
				CLANG_WARN_DOCUMENTATION_COMMENTS = YES;
				CLANG_WARN_EMPTY_BODY = YES;
				CLANG_WARN_ENUM_CONVERSION = YES;
				CLANG_WARN_INFINITE_RECURSION = YES;
				CLANG_WARN_INT_CONVERSION = YES;
				CLANG_WARN_NON_LITERAL_NULL_CONVERSION = YES;
				CLANG_WARN_OBJC_IMPLICIT_RETAIN_SELF = YES;
				CLANG_WARN_OBJC_LITERAL_CONVERSION = YES;
				CLANG_WARN_OBJC_ROOT_CLASS = YES_ERROR;
				CLANG_WARN_QUOTED_INCLUDE_IN_FRAMEWORK_HEADER = YES;
				CLANG_WARN_RANGE_LOOP_ANALYSIS = YES;
				CLANG_WARN_STRICT_PROTOTYPES = YES;
				CLANG_WARN_SUSPICIOUS_MOVE = YES;
				CLANG_WARN_UNGUARDED_AVAILABILITY = YES_AGGRESSIVE;
				CLANG_WARN_UNREACHABLE_CODE = YES;
				CLANG_WARN__DUPLICATE_METHOD_MATCH = YES;
				COPY_PHASE_STRIP = NO;
				DEBUG_INFORMATION_FORMAT = dwarf;
				ENABLE_STRICT_OBJC_MSGSEND = YES;
				ENABLE_TESTABILITY = YES;
				ENABLE_USER_SCRIPT_SANDBOXING = YES;
				GCC_C_LANGUAGE_STANDARD = gnu17;
				GCC_DYNAMIC_NO_PIC = NO;
				GCC_NO_COMMON_BLOCKS = YES;
				GCC_OPTIMIZATION_LEVEL = 0;
				GCC_PREPROCESSOR_DEFINITIONS = (
					"DEBUG=1",
					"$(inherited)",
				);
				GCC_WARN_64_TO_32_BIT_CONVERSION = YES;
				GCC_WARN_ABOUT_RETURN_TYPE = YES_ERROR;
				GCC_WARN_UNDECLARED_SELECTOR = YES;
				GCC_WARN_UNINITIALIZED_AUTOS = YES_AGGRESSIVE;
				GCC_WARN_UNUSED_FUNCTION = YES;
				GCC_WARN_UNUSED_VARIABLE = YES;
				IPHONEOS_DEPLOYMENT_TARGET = 18.2;
				LOCALIZATION_PREFERS_STRING_CATALOGS = YES;
				MTL_ENABLE_DEBUG_INFO = INCLUDE_SOURCE;
				MTL_FAST_MATH = YES;
				ONLY_ACTIVE_ARCH = YES;
				SDKROOT = iphoneos;
				SWIFT_ACTIVE_COMPILATION_CONDITIONS = "DEBUG $(inherited)";
				SWIFT_OPTIMIZATION_LEVEL = "-Onone";
			};
			name = Debug;
		};
		295EEF7B2D64F0F000D953C0 /* Release */ = {
			isa = XCBuildConfiguration;
			buildSettings = {
				ALWAYS_SEARCH_USER_PATHS = NO;
				ASSETCATALOG_COMPILER_GENERATE_SWIFT_ASSET_SYMBOL_EXTENSIONS = YES;
				CLANG_ANALYZER_NONNULL = YES;
				CLANG_ANALYZER_NUMBER_OBJECT_CONVERSION = YES_AGGRESSIVE;
				CLANG_CXX_LANGUAGE_STANDARD = "gnu++20";
				CLANG_ENABLE_MODULES = YES;
				CLANG_ENABLE_OBJC_ARC = YES;
				CLANG_ENABLE_OBJC_WEAK = YES;
				CLANG_WARN_BLOCK_CAPTURE_AUTORELEASING = YES;
				CLANG_WARN_BOOL_CONVERSION = YES;
				CLANG_WARN_COMMA = YES;
				CLANG_WARN_CONSTANT_CONVERSION = YES;
				CLANG_WARN_DEPRECATED_OBJC_IMPLEMENTATIONS = YES;
				CLANG_WARN_DIRECT_OBJC_ISA_USAGE = YES_ERROR;
				CLANG_WARN_DOCUMENTATION_COMMENTS = YES;
				CLANG_WARN_EMPTY_BODY = YES;
				CLANG_WARN_ENUM_CONVERSION = YES;
				CLANG_WARN_INFINITE_RECURSION = YES;
				CLANG_WARN_INT_CONVERSION = YES;
				CLANG_WARN_NON_LITERAL_NULL_CONVERSION = YES;
				CLANG_WARN_OBJC_IMPLICIT_RETAIN_SELF = YES;
				CLANG_WARN_OBJC_LITERAL_CONVERSION = YES;
				CLANG_WARN_OBJC_ROOT_CLASS = YES_ERROR;
				CLANG_WARN_QUOTED_INCLUDE_IN_FRAMEWORK_HEADER = YES;
				CLANG_WARN_RANGE_LOOP_ANALYSIS = YES;
				CLANG_WARN_STRICT_PROTOTYPES = YES;
				CLANG_WARN_SUSPICIOUS_MOVE = YES;
				CLANG_WARN_UNGUARDED_AVAILABILITY = YES_AGGRESSIVE;
				CLANG_WARN_UNREACHABLE_CODE = YES;
				CLANG_WARN__DUPLICATE_METHOD_MATCH = YES;
				COPY_PHASE_STRIP = NO;
				DEBUG_INFORMATION_FORMAT = "dwarf-with-dsym";
				ENABLE_NS_ASSERTIONS = NO;
				ENABLE_STRICT_OBJC_MSGSEND = YES;
				ENABLE_USER_SCRIPT_SANDBOXING = YES;
				GCC_C_LANGUAGE_STANDARD = gnu17;
				GCC_NO_COMMON_BLOCKS = YES;
				GCC_WARN_64_TO_32_BIT_CONVERSION = YES;
				GCC_WARN_ABOUT_RETURN_TYPE = YES_ERROR;
				GCC_WARN_UNDECLARED_SELECTOR = YES;
				GCC_WARN_UNINITIALIZED_AUTOS = YES_AGGRESSIVE;
				GCC_WARN_UNUSED_FUNCTION = YES;
				GCC_WARN_UNUSED_VARIABLE = YES;
				IPHONEOS_DEPLOYMENT_TARGET = 18.2;
				LOCALIZATION_PREFERS_STRING_CATALOGS = YES;
				MTL_ENABLE_DEBUG_INFO = NO;
				MTL_FAST_MATH = YES;
				SDKROOT = iphoneos;
				SWIFT_COMPILATION_MODE = wholemodule;
				VALIDATE_PRODUCT = YES;
			};
			name = Release;
		};
		295EEF7D2D64F0F000D953C0 /* Debug */ = {
			isa = XCBuildConfiguration;
			buildSettings = {
				BUNDLE_LOADER = "$(TEST_HOST)";
				CODE_SIGN_STYLE = Automatic;
				CURRENT_PROJECT_VERSION = 1;
				GENERATE_INFOPLIST_FILE = YES;
				IPHONEOS_DEPLOYMENT_TARGET = 18.2;
				MARKETING_VERSION = 1.0;
				PRODUCT_BUNDLE_IDENTIFIER = team8.HealthKitTestAppTests;
				PRODUCT_NAME = "$(TARGET_NAME)";
				SWIFT_EMIT_LOC_STRINGS = NO;
				SWIFT_VERSION = 5.0;
				TARGETED_DEVICE_FAMILY = "1,2";
				TEST_HOST = "$(BUILT_PRODUCTS_DIR)/HealthKitTestApp.app/$(BUNDLE_EXECUTABLE_FOLDER_PATH)/HealthKitTestApp";
			};
			name = Debug;
		};
		295EEF7E2D64F0F000D953C0 /* Release */ = {
			isa = XCBuildConfiguration;
			buildSettings = {
				BUNDLE_LOADER = "$(TEST_HOST)";
				CODE_SIGN_STYLE = Automatic;
				CURRENT_PROJECT_VERSION = 1;
				GENERATE_INFOPLIST_FILE = YES;
				IPHONEOS_DEPLOYMENT_TARGET = 18.2;
				MARKETING_VERSION = 1.0;
				PRODUCT_BUNDLE_IDENTIFIER = team8.HealthKitTestAppTests;
				PRODUCT_NAME = "$(TARGET_NAME)";
				SWIFT_EMIT_LOC_STRINGS = NO;
				SWIFT_VERSION = 5.0;
				TARGETED_DEVICE_FAMILY = "1,2";
				TEST_HOST = "$(BUILT_PRODUCTS_DIR)/HealthKitTestApp.app/$(BUNDLE_EXECUTABLE_FOLDER_PATH)/HealthKitTestApp";
			};
			name = Release;
		};
		295EEF802D64F0F000D953C0 /* Debug */ = {
			isa = XCBuildConfiguration;
			buildSettings = {
				CODE_SIGN_STYLE = Automatic;
				CURRENT_PROJECT_VERSION = 1;
				GENERATE_INFOPLIST_FILE = YES;
				MARKETING_VERSION = 1.0;
				PRODUCT_BUNDLE_IDENTIFIER = team8.HealthKitTestAppUITests;
				PRODUCT_NAME = "$(TARGET_NAME)";
				SWIFT_EMIT_LOC_STRINGS = NO;
				SWIFT_VERSION = 5.0;
				TARGETED_DEVICE_FAMILY = "1,2";
				TEST_TARGET_NAME = HealthKitTestApp;
			};
			name = Debug;
		};
		295EEF812D64F0F000D953C0 /* Release */ = {
			isa = XCBuildConfiguration;
			buildSettings = {
				CODE_SIGN_STYLE = Automatic;
				CURRENT_PROJECT_VERSION = 1;
				GENERATE_INFOPLIST_FILE = YES;
				MARKETING_VERSION = 1.0;
				PRODUCT_BUNDLE_IDENTIFIER = team8.HealthKitTestAppUITests;
				PRODUCT_NAME = "$(TARGET_NAME)";
				SWIFT_EMIT_LOC_STRINGS = NO;
				SWIFT_VERSION = 5.0;
				TARGETED_DEVICE_FAMILY = "1,2";
				TEST_TARGET_NAME = HealthKitTestApp;
			};
			name = Release;
		};
/* End XCBuildConfiguration section */

/* Begin XCConfigurationList section */
		295EEF492D64F0EE00D953C0 /* Build configuration list for PBXProject "HealthKitTestApp" */ = {
			isa = XCConfigurationList;
			buildConfigurations = (
				295EEF7A2D64F0F000D953C0 /* Debug */,
				295EEF7B2D64F0F000D953C0 /* Release */,
			);
			defaultConfigurationIsVisible = 0;
			defaultConfigurationName = Release;
		};
		295EEF772D64F0F000D953C0 /* Build configuration list for PBXNativeTarget "HealthKitTestApp" */ = {
			isa = XCConfigurationList;
			buildConfigurations = (
				295EEF782D64F0F000D953C0 /* Debug */,
				295EEF792D64F0F000D953C0 /* Release */,
			);
			defaultConfigurationIsVisible = 0;
			defaultConfigurationName = Release;
		};
		295EEF7C2D64F0F000D953C0 /* Build configuration list for PBXNativeTarget "HealthKitTestAppTests" */ = {
			isa = XCConfigurationList;
			buildConfigurations = (
				295EEF7D2D64F0F000D953C0 /* Debug */,
				295EEF7E2D64F0F000D953C0 /* Release */,
			);
			defaultConfigurationIsVisible = 0;
			defaultConfigurationName = Release;
		};
		295EEF7F2D64F0F000D953C0 /* Build configuration list for PBXNativeTarget "HealthKitTestAppUITests" */ = {
			isa = XCConfigurationList;
			buildConfigurations = (
				295EEF802D64F0F000D953C0 /* Debug */,
				295EEF812D64F0F000D953C0 /* Release */,
			);
			defaultConfigurationIsVisible = 0;
			defaultConfigurationName = Release;
		};
/* End XCConfigurationList section */
	};
	rootObject = 295EEF462D64F0EE00D953C0 /* Project object */;
}
